
Microsoft Visual Studio Solution File, Format Version 12.00
# Visual Studio Version 17
VisualStudioVersion = 17.10.35027.167
MinimumVisualStudioVersion = 10.0.40219.1
Project("{FAE04EC0-301F-11D3-BF4B-00C04F79EFBC}") = "HealthcareAppointmentManager.UI", "HealthcareAppointmentManager.UI\HealthcareAppointmentManager.UI.csproj", "{282B435C-F6CA-4500-8EE8-8C7EFB90B912}"
EndProject
Global
	GlobalSection(SolutionConfigurationPlatforms) = preSolution
		Debug|Any CPU = Debug|Any CPU
		Release|Any CPU = Release|Any CPU
	EndGlobalSection
	GlobalSection(ProjectConfigurationPlatforms) = postSolution
		{282B435C-F6CA-4500-8EE8-8C7EFB90B912}.Debug|Any CPU.ActiveCfg = Debug|Any CPU
		{282B435C-F6CA-4500-8EE8-8C7EFB90B912}.Debug|Any CPU.Build.0 = Debug|Any CPU
		{282B435C-F6CA-4500-8EE8-8C7EFB90B912}.Release|Any CPU.ActiveCfg = Release|Any CPU
		{282B435C-F6CA-4500-8EE8-8C7EFB90B912}.Release|Any CPU.Build.0 = Release|Any CPU
	EndGlobalSection
	GlobalSection(SolutionProperties) = preSolution
		HideSolutionNode = FALSE
	EndGlobalSection
	GlobalSection(ExtensibilityGlobals) = postSolution
		SolutionGuid = {AD5F7129-B10F-474D-B440-EC95D40E4F14}
	EndGlobalSection
EndGlobal
